
Microsoft Visual Studio Solution File, Format Version 12.00
# Visual Studio 2012
Project("{FAE04EC0-301F-11D3-BF4B-00C04F79EFBC}") = "Emoji-2.0", "Emoji-2.0\Emoji-2.0.csproj", "{5C719686-B869-40AE-8D91-04F704CCBECF}"
EndProject
Global
	GlobalSection(SolutionConfigurationPlatforms) = preSolution
		Debug|Any CPU = Debug|Any CPU
		Release|Any CPU = Release|Any CPU
	EndGlobalSection
	GlobalSection(ProjectConfigurationPlatforms) = postSolution
		{5C719686-B869-40AE-8D91-04F704CCBECF}.Debug|Any CPU.ActiveCfg = Debug|Any CPU
		{5C719686-B869-40AE-8D91-04F704CCBECF}.Debug|Any CPU.Build.0 = Debug|Any CPU
		{5C719686-B869-40AE-8D91-04F704CCBECF}.Release|Any CPU.ActiveCfg = Release|Any CPU
		{5C719686-B869-40AE-8D91-04F704CCBECF}.Release|Any CPU.Build.0 = Release|Any CPU
	EndGlobalSection
	GlobalSection(SolutionProperties) = preSolution
		HideSolutionNode = FALSE
	EndGlobalSection
EndGlobal
